
Microsoft Visual Studio Solution File, Format Version 12.00
# Visual Studio Version 16
VisualStudioVersion = 16.0.30204.135
MinimumVisualStudioVersion = 10.0.40219.1
Project("{FAE04EC0-301F-11D3-BF4B-00C04F79EFBC}") = "Game01", "Game01\Game01.csproj", "{6CAE9A32-9AE5-4B6C-B415-5DCF25320224}"
EndProject
Global
	GlobalSection(SolutionConfigurationPlatforms) = preSolution
		Debug|Any CPU = Debug|Any CPU
		Release|Any CPU = Release|Any CPU
	EndGlobalSection
	GlobalSection(ProjectConfigurationPlatforms) = postSolution
		{6CAE9A32-9AE5-4B6C-B415-5DCF25320224}.Debug|Any CPU.ActiveCfg = Debug|Any CPU
		{6CAE9A32-9AE5-4B6C-B415-5DCF25320224}.Debug|Any CPU.Build.0 = Debug|Any CPU
		{6CAE9A32-9AE5-4B6C-B415-5DCF25320224}.Release|Any CPU.ActiveCfg = Release|Any CPU
		{6CAE9A32-9AE5-4B6C-B415-5DCF25320224}.Release|Any CPU.Build.0 = Release|Any CPU
	EndGlobalSection
	GlobalSection(SolutionProperties) = preSolution
		HideSolutionNode = FALSE
	EndGlobalSection
	GlobalSection(ExtensibilityGlobals) = postSolution
		SolutionGuid = {F1B30B2C-5517-4770-A395-FF0699C28354}
	EndGlobalSection
EndGlobal
